
Microsoft Visual Studio Solution File, Format Version 12.00
# Visual Studio Version 17
VisualStudioVersion = 17.14.36327.8 d17.14
MinimumVisualStudioVersion = 10.0.40219.1
Project("{FAE04EC0-301F-11D3-BF4B-00C04F79EFBC}") = "ApiFront", "ApiFront.csproj", "{B74DC93F-6FE0-44BE-8DD2-8A628448AABF}"
EndProject
Global
	GlobalSection(SolutionConfigurationPlatforms) = preSolution
		Debug|Any CPU = Debug|Any CPU
		Release|Any CPU = Release|Any CPU
	EndGlobalSection
	GlobalSection(ProjectConfigurationPlatforms) = postSolution
		{B74DC93F-6FE0-44BE-8DD2-8A628448AABF}.Debug|Any CPU.ActiveCfg = Debug|Any CPU
		{B74DC93F-6FE0-44BE-8DD2-8A628448AABF}.Debug|Any CPU.Build.0 = Debug|Any CPU
		{B74DC93F-6FE0-44BE-8DD2-8A628448AABF}.Release|Any CPU.ActiveCfg = Release|Any CPU
		{B74DC93F-6FE0-44BE-8DD2-8A628448AABF}.Release|Any CPU.Build.0 = Release|Any CPU
	EndGlobalSection
	GlobalSection(SolutionProperties) = preSolution
		HideSolutionNode = FALSE
	EndGlobalSection
	GlobalSection(ExtensibilityGlobals) = postSolution
		SolutionGuid = {F6AB80D4-7348-460B-9138-7BECFBF2A66A}
	EndGlobalSection
EndGlobal
